# THIS IS AN AUTOGENERATED FILE. DO NOT EDIT THIS FILE DIRECTLY.
# yarn lockfile v1


chrome-types@^0.1.254:
  version "0.1.254"
  resolved "https://registry.yarnpkg.com/chrome-types/-/chrome-types-0.1.254.tgz#eff7b399c183e8d1c786c1e5da1141738a3fa7c3"
  integrity sha512-RtBHvCRGvoVOvw2672l5MPeDTd8kVag6RdGeePoUJTOFaTNhjj/n4iA9ClGgqQj6igMGVctLSqF+oTrJwmeE+g==
